
Microsoft Visual Studio Solution File, Format Version 12.00
# Visual Studio Version 17
VisualStudioVersion = 17.7.34202.233
MinimumVisualStudioVersion = 10.0.40219.1
Project("{9A19103F-16F7-4668-BE54-9A1E7A4F7556}") = "BookCatalogAPI", "BookCatalogAPI\BookCatalogAPI.csproj", "{9C3DBDDD-00E0-421C-883F-37093DAE7CD8}"
EndProject
Project("{FAE04EC0-301F-11D3-BF4B-00C04F79EFBC}") = "BookInfoLibrary", "BookInfoLibrary\BookInfoLibrary.csproj", "{2E416874-758A-4E3D-A572-0E0E93823185}"
EndProject
Global
	GlobalSection(SolutionConfigurationPlatforms) = preSolution
		Debug|Any CPU = Debug|Any CPU
		Release|Any CPU = Release|Any CPU
	EndGlobalSection
	GlobalSection(ProjectConfigurationPlatforms) = postSolution
		{9C3DBDDD-00E0-421C-883F-37093DAE7CD8}.Debug|Any CPU.ActiveCfg = Debug|Any CPU
		{9C3DBDDD-00E0-421C-883F-37093DAE7CD8}.Debug|Any CPU.Build.0 = Debug|Any CPU
		{9C3DBDDD-00E0-421C-883F-37093DAE7CD8}.Release|Any CPU.ActiveCfg = Release|Any CPU
		{9C3DBDDD-00E0-421C-883F-37093DAE7CD8}.Release|Any CPU.Build.0 = Release|Any CPU
		{2E416874-758A-4E3D-A572-0E0E93823185}.Debug|Any CPU.ActiveCfg = Debug|Any CPU
		{2E416874-758A-4E3D-A572-0E0E93823185}.Debug|Any CPU.Build.0 = Debug|Any CPU
		{2E416874-758A-4E3D-A572-0E0E93823185}.Release|Any CPU.ActiveCfg = Release|Any CPU
		{2E416874-758A-4E3D-A572-0E0E93823185}.Release|Any CPU.Build.0 = Release|Any CPU
	EndGlobalSection
	GlobalSection(SolutionProperties) = preSolution
		HideSolutionNode = FALSE
	EndGlobalSection
	GlobalSection(ExtensibilityGlobals) = postSolution
		SolutionGuid = {3ED26476-466A-4989-997D-6A270CE34E08}
	EndGlobalSection
EndGlobal
